// !$*UTF8*$!
{
	archiveVersion = 1;
	classes = {
	};
	objectVersion = 51;
	objects = {

/* Begin PBXBuildFile section */
		29A5638AEFC5DCBED443419A /* Pods_Viva.framework in Frameworks */ = {isa = PBXBuildFile; fileRef = 14D73B196349E39F5F226130 /* Pods_Viva.framework */; };
		2CB5335A3E3D14AD20E815E0 /* Pods_VivaTests.framework in Frameworks */ = {isa = PBXBuildFile; fileRef = 81768322A9BD76CBA1C27ABE /* Pods_VivaTests.framework */; };
		444AE539250C0834002C02D7 /* LoginViewController.swift in Sources */ = {isa = PBXBuildFile; fileRef = 444AE538250C0834002C02D7 /* LoginViewController.swift */; };
		444AE53B250C0842002C02D7 /* SignUpViewController.swift in Sources */ = {isa = PBXBuildFile; fileRef = 444AE53A250C0842002C02D7 /* SignUpViewController.swift */; };
		444AE53D250C0854002C02D7 /* HomeViewController.swift in Sources */ = {isa = PBXBuildFile; fileRef = 444AE53C250C0854002C02D7 /* HomeViewController.swift */; };
		444AE53F250C086C002C02D7 /* SubmissionViewController.swift in Sources */ = {isa = PBXBuildFile; fileRef = 444AE53E250C086C002C02D7 /* SubmissionViewController.swift */; };
		444AE541250C0878002C02D7 /* SettingsViewController.swift in Sources */ = {isa = PBXBuildFile; fileRef = 444AE540250C0878002C02D7 /* SettingsViewController.swift */; };
		444AE547250C5541002C02D7 /* FormUtilities.swift in Sources */ = {isa = PBXBuildFile; fileRef = 444AE546250C5541002C02D7 /* FormUtilities.swift */; };
		444AE549250C554E002C02D7 /* StyleUtilities.swift in Sources */ = {isa = PBXBuildFile; fileRef = 444AE548250C554E002C02D7 /* StyleUtilities.swift */; };
		444AE54B250C5C36002C02D7 /* GoogleService-Info.plist in Resources */ = {isa = PBXBuildFile; fileRef = 444AE54A250C5C36002C02D7 /* GoogleService-Info.plist */; };
		4490F5D5250AE221009EBFBE /* AppDelegate.swift in Sources */ = {isa = PBXBuildFile; fileRef = 4490F5D4250AE221009EBFBE /* AppDelegate.swift */; };
		4490F5D7250AE221009EBFBE /* ViewController.swift in Sources */ = {isa = PBXBuildFile; fileRef = 4490F5D6250AE221009EBFBE /* ViewController.swift */; };
		4490F5DA250AE221009EBFBE /* Main.storyboard in Resources */ = {isa = PBXBuildFile; fileRef = 4490F5D8250AE221009EBFBE /* Main.storyboard */; };
		4490F5DC250AE224009EBFBE /* Assets.xcassets in Resources */ = {isa = PBXBuildFile; fileRef = 4490F5DB250AE224009EBFBE /* Assets.xcassets */; };
		4490F5DF250AE224009EBFBE /* LaunchScreen.storyboard in Resources */ = {isa = PBXBuildFile; fileRef = 4490F5DD250AE224009EBFBE /* LaunchScreen.storyboard */; };
		4490F5EA250AE224009EBFBE /* VivaTests.swift in Sources */ = {isa = PBXBuildFile; fileRef = 4490F5E9250AE224009EBFBE /* VivaTests.swift */; };
		4490F5F5250AE224009EBFBE /* VivaUITests.swift in Sources */ = {isa = PBXBuildFile; fileRef = 4490F5F4250AE224009EBFBE /* VivaUITests.swift */; };
		F1303D01954886851BBBF717 /* Pods_Viva_VivaUITests.framework in Frameworks */ = {isa = PBXBuildFile; fileRef = 992E8C958B320F73307BC7FE /* Pods_Viva_VivaUITests.framework */; };
/* End PBXBuildFile section */

/* Begin PBXContainerItemProxy section */
		4490F5E6250AE224009EBFBE /* PBXContainerItemProxy */ = {
			isa = PBXContainerItemProxy;
			containerPortal = 4490F5C9250AE221009EBFBE /* Project object */;
			proxyType = 1;
			remoteGlobalIDString = 4490F5D0250AE221009EBFBE;
			remoteInfo = Viva;
		};
		4490F5F1250AE224009EBFBE /* PBXContainerItemProxy */ = {
			isa = PBXContainerItemProxy;
			containerPortal = 4490F5C9250AE221009EBFBE /* Project object */;
			proxyType = 1;
			remoteGlobalIDString = 4490F5D0250AE221009EBFBE;
			remoteInfo = Viva;
		};
/* End PBXContainerItemProxy section */

/* Begin PBXFileReference section */
		14D73B196349E39F5F226130 /* Pods_Viva.framework */ = {isa = PBXFileReference; explicitFileType = wrapper.framework; includeInIndex = 0; path = Pods_Viva.framework; sourceTree = BUILT_PRODUCTS_DIR; };
		2C6B066092873E88D2199B6E /* Pods-Viva-VivaUITests.release.xcconfig */ = {isa = PBXFileReference; includeInIndex = 1; lastKnownFileType = text.xcconfig; name = "Pods-Viva-VivaUITests.release.xcconfig"; path = "Target Support Files/Pods-Viva-VivaUITests/Pods-Viva-VivaUITests.release.xcconfig"; sourceTree = "<group>"; };
		444AE538250C0834002C02D7 /* LoginViewController.swift */ = {isa = PBXFileReference; lastKnownFileType = sourcecode.swift; path = LoginViewController.swift; sourceTree = "<group>"; };
		444AE53A250C0842002C02D7 /* SignUpViewController.swift */ = {isa = PBXFileReference; lastKnownFileType = sourcecode.swift; path = SignUpViewController.swift; sourceTree = "<group>"; };
		444AE53C250C0854002C02D7 /* HomeViewController.swift */ = {isa = PBXFileReference; lastKnownFileType = sourcecode.swift; path = HomeViewController.swift; sourceTree = "<group>"; };
		444AE53E250C086C002C02D7 /* SubmissionViewController.swift */ = {isa = PBXFileReference; lastKnownFileType = sourcecode.swift; path = SubmissionViewController.swift; sourceTree = "<group>"; };
		444AE540250C0878002C02D7 /* SettingsViewController.swift */ = {isa = PBXFileReference; lastKnownFileType = sourcecode.swift; path = SettingsViewController.swift; sourceTree = "<group>"; };
		444AE546250C5541002C02D7 /* FormUtilities.swift */ = {isa = PBXFileReference; lastKnownFileType = sourcecode.swift; path = FormUtilities.swift; sourceTree = "<group>"; };
		444AE548250C554E002C02D7 /* StyleUtilities.swift */ = {isa = PBXFileReference; lastKnownFileType = sourcecode.swift; path = StyleUtilities.swift; sourceTree = "<group>"; };
		444AE54A250C5C36002C02D7 /* GoogleService-Info.plist */ = {isa = PBXFileReference; fileEncoding = 4; lastKnownFileType = text.plist.xml; path = "GoogleService-Info.plist"; sourceTree = "<group>"; };
		4490F5D1250AE221009EBFBE /* Viva.app */ = {isa = PBXFileReference; explicitFileType = wrapper.application; includeInIndex = 0; path = Viva.app; sourceTree = BUILT_PRODUCTS_DIR; };
		4490F5D4250AE221009EBFBE /* AppDelegate.swift */ = {isa = PBXFileReference; lastKnownFileType = sourcecode.swift; path = AppDelegate.swift; sourceTree = "<group>"; };
		4490F5D6250AE221009EBFBE /* ViewController.swift */ = {isa = PBXFileReference; lastKnownFileType = sourcecode.swift; path = ViewController.swift; sourceTree = "<group>"; };
		4490F5D9250AE221009EBFBE /* Base */ = {isa = PBXFileReference; lastKnownFileType = file.storyboard; name = Base; path = Base.lproj/Main.storyboard; sourceTree = "<group>"; };
		4490F5DB250AE224009EBFBE /* Assets.xcassets */ = {isa = PBXFileReference; lastKnownFileType = folder.assetcatalog; path = Assets.xcassets; sourceTree = "<group>"; };
		4490F5DE250AE224009EBFBE /* Base */ = {isa = PBXFileReference; lastKnownFileType = file.storyboard; name = Base; path = Base.lproj/LaunchScreen.storyboard; sourceTree = "<group>"; };
		4490F5E0250AE224009EBFBE /* Info.plist */ = {isa = PBXFileReference; lastKnownFileType = text.plist.xml; path = Info.plist; sourceTree = "<group>"; };
		4490F5E5250AE224009EBFBE /* VivaTests.xctest */ = {isa = PBXFileReference; explicitFileType = wrapper.cfbundle; includeInIndex = 0; path = VivaTests.xctest; sourceTree = BUILT_PRODUCTS_DIR; };
		4490F5E9250AE224009EBFBE /* VivaTests.swift */ = {isa = PBXFileReference; lastKnownFileType = sourcecode.swift; path = VivaTests.swift; sourceTree = "<group>"; };
		4490F5EB250AE224009EBFBE /* Info.plist */ = {isa = PBXFileReference; lastKnownFileType = text.plist.xml; path = Info.plist; sourceTree = "<group>"; };
		4490F5F0250AE224009EBFBE /* VivaUITests.xctest */ = {isa = PBXFileReference; explicitFileType = wrapper.cfbundle; includeInIndex = 0; path = VivaUITests.xctest; sourceTree = BUILT_PRODUCTS_DIR; };
		4490F5F4250AE224009EBFBE /* VivaUITests.swift */ = {isa = PBXFileReference; lastKnownFileType = sourcecode.swift; path = VivaUITests.swift; sourceTree = "<group>"; };
		4490F5F6250AE224009EBFBE /* Info.plist */ = {isa = PBXFileReference; lastKnownFileType = text.plist.xml; path = Info.plist; sourceTree = "<group>"; };
		45C87CD368BBD167E298170E /* Pods-Viva.release.xcconfig */ = {isa = PBXFileReference; includeInIndex = 1; lastKnownFileType = text.xcconfig; name = "Pods-Viva.release.xcconfig"; path = "Target Support Files/Pods-Viva/Pods-Viva.release.xcconfig"; sourceTree = "<group>"; };
		81768322A9BD76CBA1C27ABE /* Pods_VivaTests.framework */ = {isa = PBXFileReference; explicitFileType = wrapper.framework; includeInIndex = 0; path = Pods_VivaTests.framework; sourceTree = BUILT_PRODUCTS_DIR; };
		992E8C958B320F73307BC7FE /* Pods_Viva_VivaUITests.framework */ = {isa = PBXFileReference; explicitFileType = wrapper.framework; includeInIndex = 0; path = Pods_Viva_VivaUITests.framework; sourceTree = BUILT_PRODUCTS_DIR; };
		AB28F1849323FB57D9B785F6 /* Pods-VivaTests.debug.xcconfig */ = {isa = PBXFileReference; includeInIndex = 1; lastKnownFileType = text.xcconfig; name = "Pods-VivaTests.debug.xcconfig"; path = "Target Support Files/Pods-VivaTests/Pods-VivaTests.debug.xcconfig"; sourceTree = "<group>"; };
		B4ACDC71BE5E5E308958EBFE /* Pods-Viva-VivaUITests.debug.xcconfig */ = {isa = PBXFileReference; includeInIndex = 1; lastKnownFileType = text.xcconfig; name = "Pods-Viva-VivaUITests.debug.xcconfig"; path = "Target Support Files/Pods-Viva-VivaUITests/Pods-Viva-VivaUITests.debug.xcconfig"; sourceTree = "<group>"; };
		F9F68320810F0AE998189B00 /* Pods-Viva.debug.xcconfig */ = {isa = PBXFileReference; includeInIndex = 1; lastKnownFileType = text.xcconfig; name = "Pods-Viva.debug.xcconfig"; path = "Target Support Files/Pods-Viva/Pods-Viva.debug.xcconfig"; sourceTree = "<group>"; };
		FA06F0F7139A8F60A88DF87E /* Pods-VivaTests.release.xcconfig */ = {isa = PBXFileReference; includeInIndex = 1; lastKnownFileType = text.xcconfig; name = "Pods-VivaTests.release.xcconfig"; path = "Target Support Files/Pods-VivaTests/Pods-VivaTests.release.xcconfig"; sourceTree = "<group>"; };
/* End PBXFileReference section */

/* Begin PBXFrameworksBuildPhase section */
		4490F5CE250AE221009EBFBE /* Frameworks */ = {
			isa = PBXFrameworksBuildPhase;
			buildActionMask = 2147483647;
			files = (
				29A5638AEFC5DCBED443419A /* Pods_Viva.framework in Frameworks */,
			);
			runOnlyForDeploymentPostprocessing = 0;
		};
		4490F5E2250AE224009EBFBE /* Frameworks */ = {
			isa = PBXFrameworksBuildPhase;
			buildActionMask = 2147483647;
			files = (
				2CB5335A3E3D14AD20E815E0 /* Pods_VivaTests.framework in Frameworks */,
			);
			runOnlyForDeploymentPostprocessing = 0;
		};
		4490F5ED250AE224009EBFBE /* Frameworks */ = {
			isa = PBXFrameworksBuildPhase;
			buildActionMask = 2147483647;
			files = (
				F1303D01954886851BBBF717 /* Pods_Viva_VivaUITests.framework in Frameworks */,
			);
			runOnlyForDeploymentPostprocessing = 0;
		};
/* End PBXFrameworksBuildPhase section */

/* Begin PBXGroup section */
		02B4543979C466484B55510C /* Frameworks */ = {
			isa = PBXGroup;
			children = (
				14D73B196349E39F5F226130 /* Pods_Viva.framework */,
				992E8C958B320F73307BC7FE /* Pods_Viva_VivaUITests.framework */,
				81768322A9BD76CBA1C27ABE /* Pods_VivaTests.framework */,
			);
			name = Frameworks;
			sourceTree = "<group>";
		};
		3EEECAA6DCF233645CE91BA7 /* Pods */ = {
			isa = PBXGroup;
			children = (
				F9F68320810F0AE998189B00 /* Pods-Viva.debug.xcconfig */,
				45C87CD368BBD167E298170E /* Pods-Viva.release.xcconfig */,
				B4ACDC71BE5E5E308958EBFE /* Pods-Viva-VivaUITests.debug.xcconfig */,
				2C6B066092873E88D2199B6E /* Pods-Viva-VivaUITests.release.xcconfig */,
				AB28F1849323FB57D9B785F6 /* Pods-VivaTests.debug.xcconfig */,
				FA06F0F7139A8F60A88DF87E /* Pods-VivaTests.release.xcconfig */,
			);
			path = Pods;
			sourceTree = "<group>";
		};
		444AE542250C087F002C02D7 /* ViewControllers */ = {
			isa = PBXGroup;
			children = (
				4490F5D6250AE221009EBFBE /* ViewController.swift */,
				444AE538250C0834002C02D7 /* LoginViewController.swift */,
				444AE53A250C0842002C02D7 /* SignUpViewController.swift */,
				444AE53C250C0854002C02D7 /* HomeViewController.swift */,
				444AE53E250C086C002C02D7 /* SubmissionViewController.swift */,
				444AE540250C0878002C02D7 /* SettingsViewController.swift */,
			);
			path = ViewControllers;
			sourceTree = "<group>";
		};
		444AE545250C551B002C02D7 /* Helpers */ = {
			isa = PBXGroup;
			children = (
				444AE546250C5541002C02D7 /* FormUtilities.swift */,
				444AE548250C554E002C02D7 /* StyleUtilities.swift */,
			);
			path = Helpers;
			sourceTree = "<group>";
		};
		4490F5C8250AE221009EBFBE = {
			isa = PBXGroup;
			children = (
				4490F5D3250AE221009EBFBE /* Viva */,
				4490F5E8250AE224009EBFBE /* VivaTests */,
				4490F5F3250AE224009EBFBE /* VivaUITests */,
				4490F5D2250AE221009EBFBE /* Products */,
				3EEECAA6DCF233645CE91BA7 /* Pods */,
				02B4543979C466484B55510C /* Frameworks */,
			);
			sourceTree = "<group>";
		};
		4490F5D2250AE221009EBFBE /* Products */ = {
			isa = PBXGroup;
			children = (
				4490F5D1250AE221009EBFBE /* Viva.app */,
				4490F5E5250AE224009EBFBE /* VivaTests.xctest */,
				4490F5F0250AE224009EBFBE /* VivaUITests.xctest */,
			);
			name = Products;
			sourceTree = "<group>";
		};
		4490F5D3250AE221009EBFBE /* Viva */ = {
			isa = PBXGroup;
			children = (
				444AE545250C551B002C02D7 /* Helpers */,
				444AE542250C087F002C02D7 /* ViewControllers */,
				4490F5D4250AE221009EBFBE /* AppDelegate.swift */,
				4490F5D8250AE221009EBFBE /* Main.storyboard */,
				444AE54A250C5C36002C02D7 /* GoogleService-Info.plist */,
				4490F5DB250AE224009EBFBE /* Assets.xcassets */,
				4490F5DD250AE224009EBFBE /* LaunchScreen.storyboard */,
				4490F5E0250AE224009EBFBE /* Info.plist */,
			);
			path = Viva;
			sourceTree = "<group>";
		};
		4490F5E8250AE224009EBFBE /* VivaTests */ = {
			isa = PBXGroup;
			children = (
				4490F5E9250AE224009EBFBE /* VivaTests.swift */,
				4490F5EB250AE224009EBFBE /* Info.plist */,
			);
			path = VivaTests;
			sourceTree = "<group>";
		};
		4490F5F3250AE224009EBFBE /* VivaUITests */ = {
			isa = PBXGroup;
			children = (
				4490F5F4250AE224009EBFBE /* VivaUITests.swift */,
				4490F5F6250AE224009EBFBE /* Info.plist */,
			);
			path = VivaUITests;
			sourceTree = "<group>";
		};
/* End PBXGroup section */

/* Begin PBXNativeTarget section */
		4490F5D0250AE221009EBFBE /* Viva */ = {
			isa = PBXNativeTarget;
			buildConfigurationList = 4490F5F9250AE224009EBFBE /* Build configuration list for PBXNativeTarget "Viva" */;
			buildPhases = (
				259BA4DB08EC9A7BB15450BF /* [CP] Check Pods Manifest.lock */,
				4490F5CD250AE221009EBFBE /* Sources */,
				4490F5CE250AE221009EBFBE /* Frameworks */,
				4490F5CF250AE221009EBFBE /* Resources */,
				B3B06FEC81862ED3B34239B9 /* [CP] Embed Pods Frameworks */,
			);
			buildRules = (
			);
			dependencies = (
			);
			name = Viva;
			productName = Viva;
			productReference = 4490F5D1250AE221009EBFBE /* Viva.app */;
			productType = "com.apple.product-type.application";
		};
		4490F5E4250AE224009EBFBE /* VivaTests */ = {
			isa = PBXNativeTarget;
			buildConfigurationList = 4490F5FC250AE224009EBFBE /* Build configuration list for PBXNativeTarget "VivaTests" */;
			buildPhases = (
				E5AB9D7E7368BC61CCB1F94D /* [CP] Check Pods Manifest.lock */,
				4490F5E1250AE224009EBFBE /* Sources */,
				4490F5E2250AE224009EBFBE /* Frameworks */,
				4490F5E3250AE224009EBFBE /* Resources */,
			);
			buildRules = (
			);
			dependencies = (
				4490F5E7250AE224009EBFBE /* PBXTargetDependency */,
			);
			name = VivaTests;
			productName = VivaTests;
			productReference = 4490F5E5250AE224009EBFBE /* VivaTests.xctest */;
			productType = "com.apple.product-type.bundle.unit-test";
		};
		4490F5EF250AE224009EBFBE /* VivaUITests */ = {
			isa = PBXNativeTarget;
			buildConfigurationList = 4490F5FF250AE224009EBFBE /* Build configuration list for PBXNativeTarget "VivaUITests" */;
			buildPhases = (
				0324CCADF873455B36A412E0 /* [CP] Check Pods Manifest.lock */,
				4490F5EC250AE224009EBFBE /* Sources */,
				4490F5ED250AE224009EBFBE /* Frameworks */,
				4490F5EE250AE224009EBFBE /* Resources */,
				5523132C31BBE9ED5C4E9416 /* [CP] Embed Pods Frameworks */,
			);
			buildRules = (
			);
			dependencies = (
				4490F5F2250AE224009EBFBE /* PBXTargetDependency */,
			);
			name = VivaUITests;
			productName = VivaUITests;
			productReference = 4490F5F0250AE224009EBFBE /* VivaUITests.xctest */;
			productType = "com.apple.product-type.bundle.ui-testing";
		};
/* End PBXNativeTarget section */

/* Begin PBXProject section */
		4490F5C9250AE221009EBFBE /* Project object */ = {
			isa = PBXProject;
			attributes = {
				LastSwiftUpdateCheck = 0940;
				LastUpgradeCheck = 0940;
				ORGANIZATIONNAME = PennAppsXXI;
				TargetAttributes = {
					4490F5D0250AE221009EBFBE = {
						CreatedOnToolsVersion = 9.4.1;
					};
					4490F5E4250AE224009EBFBE = {
						CreatedOnToolsVersion = 9.4.1;
						TestTargetID = 4490F5D0250AE221009EBFBE;
					};
					4490F5EF250AE224009EBFBE = {
						CreatedOnToolsVersion = 9.4.1;
						TestTargetID = 4490F5D0250AE221009EBFBE;
					};
				};
			};
			buildConfigurationList = 4490F5CC250AE221009EBFBE /* Build configuration list for PBXProject "Viva" */;
			compatibilityVersion = "Xcode 9.3";
			developmentRegion = en;
			hasScannedForEncodings = 0;
			knownRegions = (
				en,
				Base,
			);
			mainGroup = 4490F5C8250AE221009EBFBE;
			productRefGroup = 4490F5D2250AE221009EBFBE /* Products */;
			projectDirPath = "";
			projectRoot = "";
			targets = (
				4490F5D0250AE221009EBFBE /* Viva */,
				4490F5E4250AE224009EBFBE /* VivaTests */,
				4490F5EF250AE224009EBFBE /* VivaUITests */,
			);
		};
/* End PBXProject section */

/* Begin PBXResourcesBuildPhase section */
		4490F5CF250AE221009EBFBE /* Resources */ = {
			isa = PBXResourcesBuildPhase;
			buildActionMask = 2147483647;
			files = (
				4490F5DF250AE224009EBFBE /* LaunchScreen.storyboard in Resources */,
				444AE54B250C5C36002C02D7 /* GoogleService-Info.plist in Resources */,
				4490F5DC250AE224009EBFBE /* Assets.xcassets in Resources */,
				4490F5DA250AE221009EBFBE /* Main.storyboard in Resources */,
			);
			runOnlyForDeploymentPostprocessing = 0;
		};
		4490F5E3250AE224009EBFBE /* Resources */ = {
			isa = PBXResourcesBuildPhase;
			buildActionMask = 2147483647;
			files = (
			);
			runOnlyForDeploymentPostprocessing = 0;
		};
		4490F5EE250AE224009EBFBE /* Resources */ = {
			isa = PBXResourcesBuildPhase;
			buildActionMask = 2147483647;
			files = (
			);
			runOnlyForDeploymentPostprocessing = 0;
		};
/* End PBXResourcesBuildPhase section */

/* Begin PBXShellScriptBuildPhase section */
		0324CCADF873455B36A412E0 /* [CP] Check Pods Manifest.lock */ = {
			isa = PBXShellScriptBuildPhase;
			buildActionMask = 2147483647;
			files = (
			);
			inputFileListPaths = (
			);
			inputPaths = (
				"${PODS_PODFILE_DIR_PATH}/Podfile.lock",
				"${PODS_ROOT}/Manifest.lock",
			);
			name = "[CP] Check Pods Manifest.lock";
			outputFileListPaths = (
			);
			outputPaths = (
				"$(DERIVED_FILE_DIR)/Pods-Viva-VivaUITests-checkManifestLockResult.txt",
			);
			runOnlyForDeploymentPostprocessing = 0;
			shellPath = /bin/sh;
			shellScript = "diff \"${PODS_PODFILE_DIR_PATH}/Podfile.lock\" \"${PODS_ROOT}/Manifest.lock\" > /dev/null\nif [ $? != 0 ] ; then\n    # print error to STDERR\n    echo \"error: The sandbox is not in sync with the Podfile.lock. Run 'pod install' or update your CocoaPods installation.\" >&2\n    exit 1\nfi\n# This output is used by Xcode 'outputs' to avoid re-running this script phase.\necho \"SUCCESS\" > \"${SCRIPT_OUTPUT_FILE_0}\"\n";
			showEnvVarsInLog = 0;
		};
		259BA4DB08EC9A7BB15450BF /* [CP] Check Pods Manifest.lock */ = {
			isa = PBXShellScriptBuildPhase;
			buildActionMask = 2147483647;
			files = (
			);
			inputFileListPaths = (
			);
			inputPaths = (
				"${PODS_PODFILE_DIR_PATH}/Podfile.lock",
				"${PODS_ROOT}/Manifest.lock",
			);
			name = "[CP] Check Pods Manifest.lock";
			outputFileListPaths = (
			);
			outputPaths = (
				"$(DERIVED_FILE_DIR)/Pods-Viva-checkManifestLockResult.txt",
			);
			runOnlyForDeploymentPostprocessing = 0;
			shellPath = /bin/sh;
			shellScript = "diff \"${PODS_PODFILE_DIR_PATH}/Podfile.lock\" \"${PODS_ROOT}/Manifest.lock\" > /dev/null\nif [ $? != 0 ] ; then\n    # print error to STDERR\n    echo \"error: The sandbox is not in sync with the Podfile.lock. Run 'pod install' or update your CocoaPods installation.\" >&2\n    exit 1\nfi\n# This output is used by Xcode 'outputs' to avoid re-running this script phase.\necho \"SUCCESS\" > \"${SCRIPT_OUTPUT_FILE_0}\"\n";
			showEnvVarsInLog = 0;
		};
		5523132C31BBE9ED5C4E9416 /* [CP] Embed Pods Frameworks */ = {
			isa = PBXShellScriptBuildPhase;
			buildActionMask = 2147483647;
			files = (
			);
			inputFileListPaths = (
				"${PODS_ROOT}/Target Support Files/Pods-Viva-VivaUITests/Pods-Viva-VivaUITests-frameworks-${CONFIGURATION}-input-files.xcfilelist",
			);
			name = "[CP] Embed Pods Frameworks";
			outputFileListPaths = (
				"${PODS_ROOT}/Target Support Files/Pods-Viva-VivaUITests/Pods-Viva-VivaUITests-frameworks-${CONFIGURATION}-output-files.xcfilelist",
			);
			runOnlyForDeploymentPostprocessing = 0;
			shellPath = /bin/sh;
			shellScript = "\"${PODS_ROOT}/Target Support Files/Pods-Viva-VivaUITests/Pods-Viva-VivaUITests-frameworks.sh\"\n";
			showEnvVarsInLog = 0;
		};
		B3B06FEC81862ED3B34239B9 /* [CP] Embed Pods Frameworks */ = {
			isa = PBXShellScriptBuildPhase;
			buildActionMask = 2147483647;
			files = (
			);
			inputFileListPaths = (
				"${PODS_ROOT}/Target Support Files/Pods-Viva/Pods-Viva-frameworks-${CONFIGURATION}-input-files.xcfilelist",
			);
			name = "[CP] Embed Pods Frameworks";
			outputFileListPaths = (
				"${PODS_ROOT}/Target Support Files/Pods-Viva/Pods-Viva-frameworks-${CONFIGURATION}-output-files.xcfilelist",
			);
			runOnlyForDeploymentPostprocessing = 0;
			shellPath = /bin/sh;
			shellScript = "\"${PODS_ROOT}/Target Support Files/Pods-Viva/Pods-Viva-frameworks.sh\"\n";
			showEnvVarsInLog = 0;
		};
		E5AB9D7E7368BC61CCB1F94D /* [CP] Check Pods Manifest.lock */ = {
			isa = PBXShellScriptBuildPhase;
			buildActionMask = 2147483647;
			files = (
			);
			inputFileListPaths = (
			);
			inputPaths = (
				"${PODS_PODFILE_DIR_PATH}/Podfile.lock",
				"${PODS_ROOT}/Manifest.lock",
			);
			name = "[CP] Check Pods Manifest.lock";
			outputFileListPaths = (
			);
			outputPaths = (
				"$(DERIVED_FILE_DIR)/Pods-VivaTests-checkManifestLockResult.txt",
			);
			runOnlyForDeploymentPostprocessing = 0;
			shellPath = /bin/sh;
			shellScript = "diff \"${PODS_PODFILE_DIR_PATH}/Podfile.lock\" \"${PODS_ROOT}/Manifest.lock\" > /dev/null\nif [ $? != 0 ] ; then\n    # print error to STDERR\n    echo \"error: The sandbox is not in sync with the Podfile.lock. Run 'pod install' or update your CocoaPods installation.\" >&2\n    exit 1\nfi\n# This output is used by Xcode 'outputs' to avoid re-running this script phase.\necho \"SUCCESS\" > \"${SCRIPT_OUTPUT_FILE_0}\"\n";
			showEnvVarsInLog = 0;
		};
/* End PBXShellScriptBuildPhase section */

/* Begin PBXSourcesBuildPhase section */
		4490F5CD250AE221009EBFBE /* Sources */ = {
			isa = PBXSourcesBuildPhase;
			buildActionMask = 2147483647;
			files = (
				444AE53D250C0854002C02D7 /* HomeViewController.swift in Sources */,
				444AE539250C0834002C02D7 /* LoginViewController.swift in Sources */,
				444AE541250C0878002C02D7 /* SettingsViewController.swift in Sources */,
				444AE53F250C086C002C02D7 /* SubmissionViewController.swift in Sources */,
				4490F5D7250AE221009EBFBE /* ViewController.swift in Sources */,
				444AE53B250C0842002C02D7 /* SignUpViewController.swift in Sources */,
				444AE547250C5541002C02D7 /* FormUtilities.swift in Sources */,
				444AE549250C554E002C02D7 /* StyleUtilities.swift in Sources */,
				4490F5D5250AE221009EBFBE /* AppDelegate.swift in Sources */,
			);
			runOnlyForDeploymentPostprocessing = 0;
		};
		4490F5E1250AE224009EBFBE /* Sources */ = {
			isa = PBXSourcesBuildPhase;
			buildActionMask = 2147483647;
			files = (
				4490F5EA250AE224009EBFBE /* VivaTests.swift in Sources */,
			);
			runOnlyForDeploymentPostprocessing = 0;
		};
		4490F5EC250AE224009EBFBE /* Sources */ = {
			isa = PBXSourcesBuildPhase;
			buildActionMask = 2147483647;
			files = (
				4490F5F5250AE224009EBFBE /* VivaUITests.swift in Sources */,
			);
			runOnlyForDeploymentPostprocessing = 0;
		};
/* End PBXSourcesBuildPhase section */

/* Begin PBXTargetDependency section */
		4490F5E7250AE224009EBFBE /* PBXTargetDependency */ = {
			isa = PBXTargetDependency;
			target = 4490F5D0250AE221009EBFBE /* Viva */;
			targetProxy = 4490F5E6250AE224009EBFBE /* PBXContainerItemProxy */;
		};
		4490F5F2250AE224009EBFBE /* PBXTargetDependency */ = {
			isa = PBXTargetDependency;
			target = 4490F5D0250AE221009EBFBE /* Viva */;
			targetProxy = 4490F5F1250AE224009EBFBE /* PBXContainerItemProxy */;
		};
/* End PBXTargetDependency section */

/* Begin PBXVariantGroup section */
		4490F5D8250AE221009EBFBE /* Main.storyboard */ = {
			isa = PBXVariantGroup;
			children = (
				4490F5D9250AE221009EBFBE /* Base */,
			);
			name = Main.storyboard;
			sourceTree = "<group>";
		};
		4490F5DD250AE224009EBFBE /* LaunchScreen.storyboard */ = {
			isa = PBXVariantGroup;
			children = (
				4490F5DE250AE224009EBFBE /* Base */,
			);
			name = LaunchScreen.storyboard;
			sourceTree = "<group>";
		};
/* End PBXVariantGroup section */

/* Begin XCBuildConfiguration section */
		4490F5F7250AE224009EBFBE /* Debug */ = {
			isa = XCBuildConfiguration;
			buildSettings = {
				ALWAYS_SEARCH_USER_PATHS = NO;
				CLANG_ANALYZER_NONNULL = YES;
				CLANG_ANALYZER_NUMBER_OBJECT_CONVERSION = YES_AGGRESSIVE;
				CLANG_CXX_LANGUAGE_STANDARD = "gnu++14";
				CLANG_CXX_LIBRARY = "libc++";
				CLANG_ENABLE_MODULES = YES;
				CLANG_ENABLE_OBJC_ARC = YES;
				CLANG_ENABLE_OBJC_WEAK = YES;
				CLANG_WARN_BLOCK_CAPTURE_AUTORELEASING = YES;
				CLANG_WARN_BOOL_CONVERSION = YES;
				CLANG_WARN_COMMA = YES;
				CLANG_WARN_CONSTANT_CONVERSION = YES;
				CLANG_WARN_DEPRECATED_OBJC_IMPLEMENTATIONS = YES;
				CLANG_WARN_DIRECT_OBJC_ISA_USAGE = YES_ERROR;
				CLANG_WARN_DOCUMENTATION_COMMENTS = YES;
				CLANG_WARN_EMPTY_BODY = YES;
				CLANG_WARN_ENUM_CONVERSION = YES;
				CLANG_WARN_INFINITE_RECURSION = YES;
				CLANG_WARN_INT_CONVERSION = YES;
				CLANG_WARN_NON_LITERAL_NULL_CONVERSION = YES;
				CLANG_WARN_OBJC_IMPLICIT_RETAIN_SELF = YES;
				CLANG_WARN_OBJC_LITERAL_CONVERSION = YES;
				CLANG_WARN_OBJC_ROOT_CLASS = YES_ERROR;
				CLANG_WARN_RANGE_LOOP_ANALYSIS = YES;
				CLANG_WARN_STRICT_PROTOTYPES = YES;
				CLANG_WARN_SUSPICIOUS_MOVE = YES;
				CLANG_WARN_UNGUARDED_AVAILABILITY = YES_AGGRESSIVE;
				CLANG_WARN_UNREACHABLE_CODE = YES;
				CLANG_WARN__DUPLICATE_METHOD_MATCH = YES;
				CODE_SIGN_IDENTITY = "iPhone Developer";
				COPY_PHASE_STRIP = NO;
				DEBUG_INFORMATION_FORMAT = dwarf;
				ENABLE_STRICT_OBJC_MSGSEND = YES;
				ENABLE_TESTABILITY = YES;
				GCC_C_LANGUAGE_STANDARD = gnu11;
				GCC_DYNAMIC_NO_PIC = NO;
				GCC_NO_COMMON_BLOCKS = YES;
				GCC_OPTIMIZATION_LEVEL = 0;
				GCC_PREPROCESSOR_DEFINITIONS = (
					"DEBUG=1",
					"$(inherited)",
				);
				GCC_WARN_64_TO_32_BIT_CONVERSION = YES;
				GCC_WARN_ABOUT_RETURN_TYPE = YES_ERROR;
				GCC_WARN_UNDECLARED_SELECTOR = YES;
				GCC_WARN_UNINITIALIZED_AUTOS = YES_AGGRESSIVE;
				GCC_WARN_UNUSED_FUNCTION = YES;
				GCC_WARN_UNUSED_VARIABLE = YES;
				IPHONEOS_DEPLOYMENT_TARGET = 11.4;
				MTL_ENABLE_DEBUG_INFO = YES;
				ONLY_ACTIVE_ARCH = YES;
				SDKROOT = iphoneos;
				SWIFT_ACTIVE_COMPILATION_CONDITIONS = DEBUG;
				SWIFT_OPTIMIZATION_LEVEL = "-Onone";
			};
			name = Debug;
		};
		4490F5F8250AE224009EBFBE /* Release */ = {
			isa = XCBuildConfiguration;
			buildSettings = {
				ALWAYS_SEARCH_USER_PATHS = NO;
				CLANG_ANALYZER_NONNULL = YES;
				CLANG_ANALYZER_NUMBER_OBJECT_CONVERSION = YES_AGGRESSIVE;
				CLANG_CXX_LANGUAGE_STANDARD = "gnu++14";
				CLANG_CXX_LIBRARY = "libc++";
				CLANG_ENABLE_MODULES = YES;
				CLANG_ENABLE_OBJC_ARC = YES;
				CLANG_ENABLE_OBJC_WEAK = YES;
				CLANG_WARN_BLOCK_CAPTURE_AUTORELEASING = YES;
				CLANG_WARN_BOOL_CONVERSION = YES;
				CLANG_WARN_COMMA = YES;
				CLANG_WARN_CONSTANT_CONVERSION = YES;
				CLANG_WARN_DEPRECATED_OBJC_IMPLEMENTATIONS = YES;
				CLANG_WARN_DIRECT_OBJC_ISA_USAGE = YES_ERROR;
				CLANG_WARN_DOCUMENTATION_COMMENTS = YES;
				CLANG_WARN_EMPTY_BODY = YES;
				CLANG_WARN_ENUM_CONVERSION = YES;
				CLANG_WARN_INFINITE_RECURSION = YES;
				CLANG_WARN_INT_CONVERSION = YES;
				CLANG_WARN_NON_LITERAL_NULL_CONVERSION = YES;
				CLANG_WARN_OBJC_IMPLICIT_RETAIN_SELF = YES;
				CLANG_WARN_OBJC_LITERAL_CONVERSION = YES;
				CLANG_WARN_OBJC_ROOT_CLASS = YES_ERROR;
				CLANG_WARN_RANGE_LOOP_ANALYSIS = YES;
				CLANG_WARN_STRICT_PROTOTYPES = YES;
				CLANG_WARN_SUSPICIOUS_MOVE = YES;
				CLANG_WARN_UNGUARDED_AVAILABILITY = YES_AGGRESSIVE;
				CLANG_WARN_UNREACHABLE_CODE = YES;
				CLANG_WARN__DUPLICATE_METHOD_MATCH = YES;
				CODE_SIGN_IDENTITY = "iPhone Developer";
				COPY_PHASE_STRIP = NO;
				DEBUG_INFORMATION_FORMAT = "dwarf-with-dsym";
				ENABLE_NS_ASSERTIONS = NO;
				ENABLE_STRICT_OBJC_MSGSEND = YES;
				GCC_C_LANGUAGE_STANDARD = gnu11;
				GCC_NO_COMMON_BLOCKS = YES;
				GCC_WARN_64_TO_32_BIT_CONVERSION = YES;
				GCC_WARN_ABOUT_RETURN_TYPE = YES_ERROR;
				GCC_WARN_UNDECLARED_SELECTOR = YES;
				GCC_WARN_UNINITIALIZED_AUTOS = YES_AGGRESSIVE;
				GCC_WARN_UNUSED_FUNCTION = YES;
				GCC_WARN_UNUSED_VARIABLE = YES;
				IPHONEOS_DEPLOYMENT_TARGET = 11.4;
				MTL_ENABLE_DEBUG_INFO = NO;
				SDKROOT = iphoneos;
				SWIFT_COMPILATION_MODE = wholemodule;
				SWIFT_OPTIMIZATION_LEVEL = "-O";
				VALIDATE_PRODUCT = YES;
			};
			name = Release;
		};
		4490F5FA250AE224009EBFBE /* Debug */ = {
			isa = XCBuildConfiguration;
			baseConfigurationReference = F9F68320810F0AE998189B00 /* Pods-Viva.debug.xcconfig */;
			buildSettings = {
				ASSETCATALOG_COMPILER_APPICON_NAME = "AppIcon-1";
				CODE_SIGN_STYLE = Automatic;
				INFOPLIST_FILE = Viva/Info.plist;
				LD_RUNPATH_SEARCH_PATHS = (
					"$(inherited)",
					"@executable_path/Frameworks",
				);
				PRODUCT_BUNDLE_IDENTIFIER = com.pennappsxxi.Viva;
				PRODUCT_NAME = "$(TARGET_NAME)";
				SWIFT_VERSION = 4.0;
				TARGETED_DEVICE_FAMILY = "1,2";
			};
			name = Debug;
		};
		4490F5FB250AE224009EBFBE /* Release */ = {
			isa = XCBuildConfiguration;
			baseConfigurationReference = 45C87CD368BBD167E298170E /* Pods-Viva.release.xcconfig */;
			buildSettings = {
				ASSETCATALOG_COMPILER_APPICON_NAME = "AppIcon-1";
				CODE_SIGN_STYLE = Automatic;
				INFOPLIST_FILE = Viva/Info.plist;
				LD_RUNPATH_SEARCH_PATHS = (
					"$(inherited)",
					"@executable_path/Frameworks",
				);
				PRODUCT_BUNDLE_IDENTIFIER = com.pennappsxxi.Viva;
				PRODUCT_NAME = "$(TARGET_NAME)";
				SWIFT_VERSION = 4.0;
				TARGETED_DEVICE_FAMILY = "1,2";
			};
			name = Release;
		};
		4490F5FD250AE224009EBFBE /* Debug */ = {
			isa = XCBuildConfiguration;
			baseConfigurationReference = AB28F1849323FB57D9B785F6 /* Pods-VivaTests.debug.xcconfig */;
			buildSettings = {
				ALWAYS_EMBED_SWIFT_STANDARD_LIBRARIES = YES;
				BUNDLE_LOADER = "$(TEST_HOST)";
				CODE_SIGN_STYLE = Automatic;
				INFOPLIST_FILE = VivaTests/Info.plist;
				LD_RUNPATH_SEARCH_PATHS = (
					"$(inherited)",
					"@executable_path/Frameworks",
					"@loader_path/Frameworks",
				);
				PRODUCT_BUNDLE_IDENTIFIER = com.pennappsxxi.VivaTests;
				PRODUCT_NAME = "$(TARGET_NAME)";
				SWIFT_VERSION = 4.0;
				TARGETED_DEVICE_FAMILY = "1,2";
				TEST_HOST = "$(BUILT_PRODUCTS_DIR)/Viva.app/Viva";
			};
			name = Debug;
		};
		4490F5FE250AE224009EBFBE /* Release */ = {
			isa = XCBuildConfiguration;
			baseConfigurationReference = FA06F0F7139A8F60A88DF87E /* Pods-VivaTests.release.xcconfig */;
			buildSettings = {
				ALWAYS_EMBED_SWIFT_STANDARD_LIBRARIES = YES;
				BUNDLE_LOADER = "$(TEST_HOST)";
				CODE_SIGN_STYLE = Automatic;
				INFOPLIST_FILE = VivaTests/Info.plist;
				LD_RUNPATH_SEARCH_PATHS = (
					"$(inherited)",
					"@executable_path/Frameworks",
					"@loader_path/Frameworks",
				);
				PRODUCT_BUNDLE_IDENTIFIER = com.pennappsxxi.VivaTests;
				PRODUCT_NAME = "$(TARGET_NAME)";
				SWIFT_VERSION = 4.0;
				TARGETED_DEVICE_FAMILY = "1,2";
				TEST_HOST = "$(BUILT_PRODUCTS_DIR)/Viva.app/Viva";
			};
			name = Release;
		};
		4490F600250AE224009EBFBE /* Debug */ = {
			isa = XCBuildConfiguration;
			baseConfigurationReference = B4ACDC71BE5E5E308958EBFE /* Pods-Viva-VivaUITests.debug.xcconfig */;
			buildSettings = {
				ALWAYS_EMBED_SWIFT_STANDARD_LIBRARIES = YES;
				CODE_SIGN_STYLE = Automatic;
				INFOPLIST_FILE = VivaUITests/Info.plist;
				LD_RUNPATH_SEARCH_PATHS = (
					"$(inherited)",
					"@executable_path/Frameworks",
					"@loader_path/Frameworks",
				);
				PRODUCT_BUNDLE_IDENTIFIER = com.pennappsxxi.VivaUITests;
				PRODUCT_NAME = "$(TARGET_NAME)";
				SWIFT_VERSION = 4.0;
				TARGETED_DEVICE_FAMILY = "1,2";
				TEST_TARGET_NAME = Viva;
			};
			name = Debug;
		};
		4490F601250AE224009EBFBE /* Release */ = {
			isa = XCBuildConfiguration;
			baseConfigurationReference = 2C6B066092873E88D2199B6E /* Pods-Viva-VivaUITests.release.xcconfig */;
			buildSettings = {
				ALWAYS_EMBED_SWIFT_STANDARD_LIBRARIES = YES;
				CODE_SIGN_STYLE = Automatic;
				INFOPLIST_FILE = VivaUITests/Info.plist;
				LD_RUNPATH_SEARCH_PATHS = (
					"$(inherited)",
					"@executable_path/Frameworks",
					"@loader_path/Frameworks",
				);
				PRODUCT_BUNDLE_IDENTIFIER = com.pennappsxxi.VivaUITests;
				PRODUCT_NAME = "$(TARGET_NAME)";
				SWIFT_VERSION = 4.0;
				TARGETED_DEVICE_FAMILY = "1,2";
				TEST_TARGET_NAME = Viva;
			};
			name = Release;
		};
/* End XCBuildConfiguration section */

/* Begin XCConfigurationList section */
		4490F5CC250AE221009EBFBE /* Build configuration list for PBXProject "Viva" */ = {
			isa = XCConfigurationList;
			buildConfigurations = (
				4490F5F7250AE224009EBFBE /* Debug */,
				4490F5F8250AE224009EBFBE /* Release */,
			);
			defaultConfigurationIsVisible = 0;
			defaultConfigurationName = Release;
		};
		4490F5F9250AE224009EBFBE /* Build configuration list for PBXNativeTarget "Viva" */ = {
			isa = XCConfigurationList;
			buildConfigurations = (
				4490F5FA250AE224009EBFBE /* Debug */,
				4490F5FB250AE224009EBFBE /* Release */,
			);
			defaultConfigurationIsVisible = 0;
			defaultConfigurationName = Release;
		};
		4490F5FC250AE224009EBFBE /* Build configuration list for PBXNativeTarget "VivaTests" */ = {
			isa = XCConfigurationList;
			buildConfigurations = (
				4490F5FD250AE224009EBFBE /* Debug */,
				4490F5FE250AE224009EBFBE /* Release */,
			);
			defaultConfigurationIsVisible = 0;
			defaultConfigurationName = Release;
		};
		4490F5FF250AE224009EBFBE /* Build configuration list for PBXNativeTarget "VivaUITests" */ = {
			isa = XCConfigurationList;
			buildConfigurations = (
				4490F600250AE224009EBFBE /* Debug */,
				4490F601250AE224009EBFBE /* Release */,
			);
			defaultConfigurationIsVisible = 0;
			defaultConfigurationName = Release;
		};
/* End XCConfigurationList section */
	};
	rootObject = 4490F5C9250AE221009EBFBE /* Project object */;
}
